// !$*UTF8*$!
{
	archiveVersion = 1;
	classes = {
	};
	objectVersion = 55;
	objects = {

/* Begin PBXBuildFile section */
		C3AF720F27119DC3007D7280 /* VTBMoreHack2021AppClipApp.swift in Sources */ = {isa = PBXBuildFile; fileRef = C3AF720E27119DC3007D7280 /* VTBMoreHack2021AppClipApp.swift */; };
		C3AF721127119DC3007D7280 /* ContentView.swift in Sources */ = {isa = PBXBuildFile; fileRef = C3AF721027119DC3007D7280 /* ContentView.swift */; };
		C3AF721327119DC5007D7280 /* Assets.xcassets in Resources */ = {isa = PBXBuildFile; fileRef = C3AF721227119DC5007D7280 /* Assets.xcassets */; };
		C3AF721627119DC5007D7280 /* Preview Assets.xcassets in Resources */ = {isa = PBXBuildFile; fileRef = C3AF721527119DC5007D7280 /* Preview Assets.xcassets */; };
		C3AF722327119DF1007D7280 /* AppClipApp.swift in Sources */ = {isa = PBXBuildFile; fileRef = C3AF722227119DF1007D7280 /* AppClipApp.swift */; };
		C3AF722527119DF1007D7280 /* ContentView.swift in Sources */ = {isa = PBXBuildFile; fileRef = C3AF722427119DF1007D7280 /* ContentView.swift */; };
		C3AF722727119DF2007D7280 /* Assets.xcassets in Resources */ = {isa = PBXBuildFile; fileRef = C3AF722627119DF2007D7280 /* Assets.xcassets */; };
		C3AF722A27119DF2007D7280 /* Preview Assets.xcassets in Resources */ = {isa = PBXBuildFile; fileRef = C3AF722927119DF2007D7280 /* Preview Assets.xcassets */; };
		C3AF722F27119DF2007D7280 /* AppClip.app in Embed App Clips */ = {isa = PBXBuildFile; fileRef = C3AF722027119DF1007D7280 /* AppClip.app */; settings = {ATTRIBUTES = (RemoveHeadersOnCopy, ); }; };
		C3AF72352712B5CB007D7280 /* IMG_0944.MP4 in Resources */ = {isa = PBXBuildFile; fileRef = C3AF72342712B5C1007D7280 /* IMG_0944.MP4 */; };
/* End PBXBuildFile section */

/* Begin PBXContainerItemProxy section */
		C3AF722D27119DF2007D7280 /* PBXContainerItemProxy */ = {
			isa = PBXContainerItemProxy;
			containerPortal = C3AF720327119DC3007D7280 /* Project object */;
			proxyType = 1;
			remoteGlobalIDString = C3AF721F27119DF1007D7280;
			remoteInfo = AppClip;
		};
/* End PBXContainerItemProxy section */

/* Begin PBXCopyFilesBuildPhase section */
		C3AF723327119DF2007D7280 /* Embed App Clips */ = {
			isa = PBXCopyFilesBuildPhase;
			buildActionMask = 2147483647;
			dstPath = "$(CONTENTS_FOLDER_PATH)/AppClips";
			dstSubfolderSpec = 16;
			files = (
				C3AF722F27119DF2007D7280 /* AppClip.app in Embed App Clips */,
			);
			name = "Embed App Clips";
			runOnlyForDeploymentPostprocessing = 0;
		};
/* End PBXCopyFilesBuildPhase section */

/* Begin PBXFileReference section */
		C3AF720B27119DC3007D7280 /* ВТБ.app */ = {isa = PBXFileReference; explicitFileType = wrapper.application; includeInIndex = 0; path = "ВТБ.app"; sourceTree = BUILT_PRODUCTS_DIR; };
		C3AF720E27119DC3007D7280 /* VTBMoreHack2021AppClipApp.swift */ = {isa = PBXFileReference; lastKnownFileType = sourcecode.swift; path = VTBMoreHack2021AppClipApp.swift; sourceTree = "<group>"; };
		C3AF721027119DC3007D7280 /* ContentView.swift */ = {isa = PBXFileReference; lastKnownFileType = sourcecode.swift; path = ContentView.swift; sourceTree = "<group>"; };
		C3AF721227119DC5007D7280 /* Assets.xcassets */ = {isa = PBXFileReference; lastKnownFileType = folder.assetcatalog; path = Assets.xcassets; sourceTree = "<group>"; };
		C3AF721527119DC5007D7280 /* Preview Assets.xcassets */ = {isa = PBXFileReference; lastKnownFileType = folder.assetcatalog; path = "Preview Assets.xcassets"; sourceTree = "<group>"; };
		C3AF722027119DF1007D7280 /* AppClip.app */ = {isa = PBXFileReference; explicitFileType = wrapper.application; includeInIndex = 0; path = AppClip.app; sourceTree = BUILT_PRODUCTS_DIR; };
		C3AF722227119DF1007D7280 /* AppClipApp.swift */ = {isa = PBXFileReference; lastKnownFileType = sourcecode.swift; path = AppClipApp.swift; sourceTree = "<group>"; };
		C3AF722427119DF1007D7280 /* ContentView.swift */ = {isa = PBXFileReference; lastKnownFileType = sourcecode.swift; path = ContentView.swift; sourceTree = "<group>"; };
		C3AF722627119DF2007D7280 /* Assets.xcassets */ = {isa = PBXFileReference; lastKnownFileType = folder.assetcatalog; path = Assets.xcassets; sourceTree = "<group>"; };
		C3AF722927119DF2007D7280 /* Preview Assets.xcassets */ = {isa = PBXFileReference; lastKnownFileType = folder.assetcatalog; path = "Preview Assets.xcassets"; sourceTree = "<group>"; };
		C3AF722B27119DF2007D7280 /* Info.plist */ = {isa = PBXFileReference; lastKnownFileType = text.plist.xml; path = Info.plist; sourceTree = "<group>"; };
		C3AF722C27119DF2007D7280 /* AppClip.entitlements */ = {isa = PBXFileReference; lastKnownFileType = text.plist.entitlements; path = AppClip.entitlements; sourceTree = "<group>"; };
		C3AF72342712B5C1007D7280 /* IMG_0944.MP4 */ = {isa = PBXFileReference; lastKnownFileType = file; path = IMG_0944.MP4; sourceTree = "<group>"; };
/* End PBXFileReference section */

/* Begin PBXFrameworksBuildPhase section */
		C3AF720827119DC3007D7280 /* Frameworks */ = {
			isa = PBXFrameworksBuildPhase;
			buildActionMask = 2147483647;
			files = (
			);
			runOnlyForDeploymentPostprocessing = 0;
		};
		C3AF721D27119DF1007D7280 /* Frameworks */ = {
			isa = PBXFrameworksBuildPhase;
			buildActionMask = 2147483647;
			files = (
			);
			runOnlyForDeploymentPostprocessing = 0;
		};
/* End PBXFrameworksBuildPhase section */

/* Begin PBXGroup section */
		C3AF720227119DC3007D7280 = {
			isa = PBXGroup;
			children = (
				C3AF720D27119DC3007D7280 /* VTBMoreHack2021AppClip */,
				C3AF722127119DF1007D7280 /* AppClip */,
				C3AF720C27119DC3007D7280 /* Products */,
			);
			sourceTree = "<group>";
		};
		C3AF720C27119DC3007D7280 /* Products */ = {
			isa = PBXGroup;
			children = (
				C3AF720B27119DC3007D7280 /* ВТБ.app */,
				C3AF722027119DF1007D7280 /* AppClip.app */,
			);
			name = Products;
			sourceTree = "<group>";
		};
		C3AF720D27119DC3007D7280 /* VTBMoreHack2021AppClip */ = {
			isa = PBXGroup;
			children = (
				C3AF720E27119DC3007D7280 /* VTBMoreHack2021AppClipApp.swift */,
				C3AF721027119DC3007D7280 /* ContentView.swift */,
				C3AF721227119DC5007D7280 /* Assets.xcassets */,
				C3AF721427119DC5007D7280 /* Preview Content */,
			);
			path = VTBMoreHack2021AppClip;
			sourceTree = "<group>";
		};
		C3AF721427119DC5007D7280 /* Preview Content */ = {
			isa = PBXGroup;
			children = (
				C3AF721527119DC5007D7280 /* Preview Assets.xcassets */,
			);
			path = "Preview Content";
			sourceTree = "<group>";
		};
		C3AF722127119DF1007D7280 /* AppClip */ = {
			isa = PBXGroup;
			children = (
				C3AF72342712B5C1007D7280 /* IMG_0944.MP4 */,
				C3AF722227119DF1007D7280 /* AppClipApp.swift */,
				C3AF722427119DF1007D7280 /* ContentView.swift */,
				C3AF722627119DF2007D7280 /* Assets.xcassets */,
				C3AF722B27119DF2007D7280 /* Info.plist */,
				C3AF722C27119DF2007D7280 /* AppClip.entitlements */,
				C3AF722827119DF2007D7280 /* Preview Content */,
			);
			path = AppClip;
			sourceTree = "<group>";
		};
		C3AF722827119DF2007D7280 /* Preview Content */ = {
			isa = PBXGroup;
			children = (
				C3AF722927119DF2007D7280 /* Preview Assets.xcassets */,
			);
			path = "Preview Content";
			sourceTree = "<group>";
		};
/* End PBXGroup section */

/* Begin PBXNativeTarget section */
		C3AF720A27119DC3007D7280 /* VTBMoreHack2021AppClip */ = {
			isa = PBXNativeTarget;
			buildConfigurationList = C3AF721927119DC5007D7280 /* Build configuration list for PBXNativeTarget "VTBMoreHack2021AppClip" */;
			buildPhases = (
				C3AF720727119DC3007D7280 /* Sources */,
				C3AF720827119DC3007D7280 /* Frameworks */,
				C3AF720927119DC3007D7280 /* Resources */,
				C3AF723327119DF2007D7280 /* Embed App Clips */,
			);
			buildRules = (
			);
			dependencies = (
				C3AF722E27119DF2007D7280 /* PBXTargetDependency */,
			);
			name = VTBMoreHack2021AppClip;
			productName = VTBMoreHack2021AppClip;
			productReference = C3AF720B27119DC3007D7280 /* ВТБ.app */;
			productType = "com.apple.product-type.application";
		};
		C3AF721F27119DF1007D7280 /* AppClip */ = {
			isa = PBXNativeTarget;
			buildConfigurationList = C3AF723027119DF2007D7280 /* Build configuration list for PBXNativeTarget "AppClip" */;
			buildPhases = (
				C3AF721C27119DF1007D7280 /* Sources */,
				C3AF721D27119DF1007D7280 /* Frameworks */,
				C3AF721E27119DF1007D7280 /* Resources */,
			);
			buildRules = (
			);
			dependencies = (
			);
			name = AppClip;
			productName = AppClip;
			productReference = C3AF722027119DF1007D7280 /* AppClip.app */;
			productType = "com.apple.product-type.application.on-demand-install-capable";
		};
/* End PBXNativeTarget section */

/* Begin PBXProject section */
		C3AF720327119DC3007D7280 /* Project object */ = {
			isa = PBXProject;
			attributes = {
				BuildIndependentTargetsInParallel = 1;
				LastSwiftUpdateCheck = 1300;
				LastUpgradeCheck = 1300;
				TargetAttributes = {
					C3AF720A27119DC3007D7280 = {
						CreatedOnToolsVersion = 13.0;
					};
					C3AF721F27119DF1007D7280 = {
						CreatedOnToolsVersion = 13.0;
					};
				};
			};
			buildConfigurationList = C3AF720627119DC3007D7280 /* Build configuration list for PBXProject "VTBMoreHack2021AppClip" */;
			compatibilityVersion = "Xcode 13.0";
			developmentRegion = en;
			hasScannedForEncodings = 0;
			knownRegions = (
				en,
				Base,
			);
			mainGroup = C3AF720227119DC3007D7280;
			productRefGroup = C3AF720C27119DC3007D7280 /* Products */;
			projectDirPath = "";
			projectRoot = "";
			targets = (
				C3AF720A27119DC3007D7280 /* VTBMoreHack2021AppClip */,
				C3AF721F27119DF1007D7280 /* AppClip */,
			);
		};
/* End PBXProject section */

/* Begin PBXResourcesBuildPhase section */
		C3AF720927119DC3007D7280 /* Resources */ = {
			isa = PBXResourcesBuildPhase;
			buildActionMask = 2147483647;
			files = (
				C3AF721627119DC5007D7280 /* Preview Assets.xcassets in Resources */,
				C3AF721327119DC5007D7280 /* Assets.xcassets in Resources */,
			);
			runOnlyForDeploymentPostprocessing = 0;
		};
		C3AF721E27119DF1007D7280 /* Resources */ = {
			isa = PBXResourcesBuildPhase;
			buildActionMask = 2147483647;
			files = (
				C3AF722A27119DF2007D7280 /* Preview Assets.xcassets in Resources */,
				C3AF72352712B5CB007D7280 /* IMG_0944.MP4 in Resources */,
				C3AF722727119DF2007D7280 /* Assets.xcassets in Resources */,
			);
			runOnlyForDeploymentPostprocessing = 0;
		};
/* End PBXResourcesBuildPhase section */

/* Begin PBXSourcesBuildPhase section */
		C3AF720727119DC3007D7280 /* Sources */ = {
			isa = PBXSourcesBuildPhase;
			buildActionMask = 2147483647;
			files = (
				C3AF721127119DC3007D7280 /* ContentView.swift in Sources */,
				C3AF720F27119DC3007D7280 /* VTBMoreHack2021AppClipApp.swift in Sources */,
			);
			runOnlyForDeploymentPostprocessing = 0;
		};
		C3AF721C27119DF1007D7280 /* Sources */ = {
			isa = PBXSourcesBuildPhase;
			buildActionMask = 2147483647;
			files = (
				C3AF722527119DF1007D7280 /* ContentView.swift in Sources */,
				C3AF722327119DF1007D7280 /* AppClipApp.swift in Sources */,
			);
			runOnlyForDeploymentPostprocessing = 0;
		};
/* End PBXSourcesBuildPhase section */

/* Begin PBXTargetDependency section */
		C3AF722E27119DF2007D7280 /* PBXTargetDependency */ = {
			isa = PBXTargetDependency;
			target = C3AF721F27119DF1007D7280 /* AppClip */;
			targetProxy = C3AF722D27119DF2007D7280 /* PBXContainerItemProxy */;
		};
/* End PBXTargetDependency section */

/* Begin XCBuildConfiguration section */
		C3AF721727119DC5007D7280 /* Debug */ = {
			isa = XCBuildConfiguration;
			buildSettings = {
				ALWAYS_SEARCH_USER_PATHS = NO;
				CLANG_ANALYZER_NONNULL = YES;
				CLANG_ANALYZER_NUMBER_OBJECT_CONVERSION = YES_AGGRESSIVE;
				CLANG_CXX_LANGUAGE_STANDARD = "gnu++17";
				CLANG_CXX_LIBRARY = "libc++";
				CLANG_ENABLE_MODULES = YES;
				CLANG_ENABLE_OBJC_ARC = YES;
				CLANG_ENABLE_OBJC_WEAK = YES;
				CLANG_WARN_BLOCK_CAPTURE_AUTORELEASING = YES;
				CLANG_WARN_BOOL_CONVERSION = YES;
				CLANG_WARN_COMMA = YES;
				CLANG_WARN_CONSTANT_CONVERSION = YES;
				CLANG_WARN_DEPRECATED_OBJC_IMPLEMENTATIONS = YES;
				CLANG_WARN_DIRECT_OBJC_ISA_USAGE = YES_ERROR;
				CLANG_WARN_DOCUMENTATION_COMMENTS = YES;
				CLANG_WARN_EMPTY_BODY = YES;
				CLANG_WARN_ENUM_CONVERSION = YES;
				CLANG_WARN_INFINITE_RECURSION = YES;
				CLANG_WARN_INT_CONVERSION = YES;
				CLANG_WARN_NON_LITERAL_NULL_CONVERSION = YES;
				CLANG_WARN_OBJC_IMPLICIT_RETAIN_SELF = YES;
				CLANG_WARN_OBJC_LITERAL_CONVERSION = YES;
				CLANG_WARN_OBJC_ROOT_CLASS = YES_ERROR;
				CLANG_WARN_QUOTED_INCLUDE_IN_FRAMEWORK_HEADER = YES;
				CLANG_WARN_RANGE_LOOP_ANALYSIS = YES;
				CLANG_WARN_STRICT_PROTOTYPES = YES;
				CLANG_WARN_SUSPICIOUS_MOVE = YES;
				CLANG_WARN_UNGUARDED_AVAILABILITY = YES_AGGRESSIVE;
				CLANG_WARN_UNREACHABLE_CODE = YES;
				CLANG_WARN__DUPLICATE_METHOD_MATCH = YES;
				COPY_PHASE_STRIP = NO;
				DEBUG_INFORMATION_FORMAT = dwarf;
				ENABLE_STRICT_OBJC_MSGSEND = YES;
				ENABLE_TESTABILITY = YES;
				GCC_C_LANGUAGE_STANDARD = gnu11;
				GCC_DYNAMIC_NO_PIC = NO;
				GCC_NO_COMMON_BLOCKS = YES;
				GCC_OPTIMIZATION_LEVEL = 0;
				GCC_PREPROCESSOR_DEFINITIONS = (
					"DEBUG=1",
					"$(inherited)",
				);
				GCC_WARN_64_TO_32_BIT_CONVERSION = YES;
				GCC_WARN_ABOUT_RETURN_TYPE = YES_ERROR;
				GCC_WARN_UNDECLARED_SELECTOR = YES;
				GCC_WARN_UNINITIALIZED_AUTOS = YES_AGGRESSIVE;
				GCC_WARN_UNUSED_FUNCTION = YES;
				GCC_WARN_UNUSED_VARIABLE = YES;
				IPHONEOS_DEPLOYMENT_TARGET = 15.0;
				MTL_ENABLE_DEBUG_INFO = INCLUDE_SOURCE;
				MTL_FAST_MATH = YES;
				ONLY_ACTIVE_ARCH = YES;
				SDKROOT = iphoneos;
				SWIFT_ACTIVE_COMPILATION_CONDITIONS = DEBUG;
				SWIFT_OPTIMIZATION_LEVEL = "-Onone";
			};
			name = Debug;
		};
		C3AF721827119DC5007D7280 /* Release */ = {
			isa = XCBuildConfiguration;
			buildSettings = {
				ALWAYS_SEARCH_USER_PATHS = NO;
				CLANG_ANALYZER_NONNULL = YES;
				CLANG_ANALYZER_NUMBER_OBJECT_CONVERSION = YES_AGGRESSIVE;
				CLANG_CXX_LANGUAGE_STANDARD = "gnu++17";
				CLANG_CXX_LIBRARY = "libc++";
				CLANG_ENABLE_MODULES = YES;
				CLANG_ENABLE_OBJC_ARC = YES;
				CLANG_ENABLE_OBJC_WEAK = YES;
				CLANG_WARN_BLOCK_CAPTURE_AUTORELEASING = YES;
				CLANG_WARN_BOOL_CONVERSION = YES;
				CLANG_WARN_COMMA = YES;
				CLANG_WARN_CONSTANT_CONVERSION = YES;
				CLANG_WARN_DEPRECATED_OBJC_IMPLEMENTATIONS = YES;
				CLANG_WARN_DIRECT_OBJC_ISA_USAGE = YES_ERROR;
				CLANG_WARN_DOCUMENTATION_COMMENTS = YES;
				CLANG_WARN_EMPTY_BODY = YES;
				CLANG_WARN_ENUM_CONVERSION = YES;
				CLANG_WARN_INFINITE_RECURSION = YES;
				CLANG_WARN_INT_CONVERSION = YES;
				CLANG_WARN_NON_LITERAL_NULL_CONVERSION = YES;
				CLANG_WARN_OBJC_IMPLICIT_RETAIN_SELF = YES;
				CLANG_WARN_OBJC_LITERAL_CONVERSION = YES;
				CLANG_WARN_OBJC_ROOT_CLASS = YES_ERROR;
				CLANG_WARN_QUOTED_INCLUDE_IN_FRAMEWORK_HEADER = YES;
				CLANG_WARN_RANGE_LOOP_ANALYSIS = YES;
				CLANG_WARN_STRICT_PROTOTYPES = YES;
				CLANG_WARN_SUSPICIOUS_MOVE = YES;
				CLANG_WARN_UNGUARDED_AVAILABILITY = YES_AGGRESSIVE;
				CLANG_WARN_UNREACHABLE_CODE = YES;
				CLANG_WARN__DUPLICATE_METHOD_MATCH = YES;
				COPY_PHASE_STRIP = NO;
				DEBUG_INFORMATION_FORMAT = "dwarf-with-dsym";
				ENABLE_NS_ASSERTIONS = NO;
				ENABLE_STRICT_OBJC_MSGSEND = YES;
				GCC_C_LANGUAGE_STANDARD = gnu11;
				GCC_NO_COMMON_BLOCKS = YES;
				GCC_WARN_64_TO_32_BIT_CONVERSION = YES;
				GCC_WARN_ABOUT_RETURN_TYPE = YES_ERROR;
				GCC_WARN_UNDECLARED_SELECTOR = YES;
				GCC_WARN_UNINITIALIZED_AUTOS = YES_AGGRESSIVE;
				GCC_WARN_UNUSED_FUNCTION = YES;
				GCC_WARN_UNUSED_VARIABLE = YES;
				IPHONEOS_DEPLOYMENT_TARGET = 15.0;
				MTL_ENABLE_DEBUG_INFO = NO;
				MTL_FAST_MATH = YES;
				SDKROOT = iphoneos;
				SWIFT_COMPILATION_MODE = wholemodule;
				SWIFT_OPTIMIZATION_LEVEL = "-O";
				VALIDATE_PRODUCT = YES;
			};
			name = Release;
		};
		C3AF721A27119DC5007D7280 /* Debug */ = {
			isa = XCBuildConfiguration;
			buildSettings = {
				ALWAYS_EMBED_SWIFT_STANDARD_LIBRARIES = YES;
				ASSETCATALOG_COMPILER_APPICON_NAME = AppIcon;
				ASSETCATALOG_COMPILER_GLOBAL_ACCENT_COLOR_NAME = AccentColor;
				CODE_SIGN_STYLE = Automatic;
				CURRENT_PROJECT_VERSION = 1;
				DEVELOPMENT_ASSET_PATHS = "\"VTBMoreHack2021AppClip/Preview Content\"";
				ENABLE_PREVIEWS = YES;
				GENERATE_INFOPLIST_FILE = YES;
				INFOPLIST_KEY_UIApplicationSceneManifest_Generation = YES;
				INFOPLIST_KEY_UIApplicationSupportsIndirectInputEvents = YES;
				INFOPLIST_KEY_UILaunchScreen_Generation = YES;
				INFOPLIST_KEY_UISupportedInterfaceOrientations_iPad = "UIInterfaceOrientationPortrait UIInterfaceOrientationPortraitUpsideDown UIInterfaceOrientationLandscapeLeft UIInterfaceOrientationLandscapeRight";
				INFOPLIST_KEY_UISupportedInterfaceOrientations_iPhone = "UIInterfaceOrientationPortrait UIInterfaceOrientationLandscapeLeft UIInterfaceOrientationLandscapeRight";
				IPHONEOS_DEPLOYMENT_TARGET = 14.0;
				LD_RUNPATH_SEARCH_PATHS = (
					"$(inherited)",
					"@executable_path/Frameworks",
				);
				MARKETING_VERSION = 1.0;
				PRODUCT_BUNDLE_IDENTIFIER = me.nickaroot.VTBMoreHack2021AppClip;
				PRODUCT_NAME = "ВТБ";
				SWIFT_EMIT_LOC_STRINGS = YES;
				SWIFT_VERSION = 5.0;
				TARGETED_DEVICE_FAMILY = "1,2";
			};
			name = Debug;
		};
		C3AF721B27119DC5007D7280 /* Release */ = {
			isa = XCBuildConfiguration;
			buildSettings = {
				ALWAYS_EMBED_SWIFT_STANDARD_LIBRARIES = YES;
				ASSETCATALOG_COMPILER_APPICON_NAME = AppIcon;
				ASSETCATALOG_COMPILER_GLOBAL_ACCENT_COLOR_NAME = AccentColor;
				CODE_SIGN_STYLE = Automatic;
				CURRENT_PROJECT_VERSION = 1;
				DEVELOPMENT_ASSET_PATHS = "\"VTBMoreHack2021AppClip/Preview Content\"";
				ENABLE_PREVIEWS = YES;
				GENERATE_INFOPLIST_FILE = YES;
				INFOPLIST_KEY_UIApplicationSceneManifest_Generation = YES;
				INFOPLIST_KEY_UIApplicationSupportsIndirectInputEvents = YES;
				INFOPLIST_KEY_UILaunchScreen_Generation = YES;
				INFOPLIST_KEY_UISupportedInterfaceOrientations_iPad = "UIInterfaceOrientationPortrait UIInterfaceOrientationPortraitUpsideDown UIInterfaceOrientationLandscapeLeft UIInterfaceOrientationLandscapeRight";
				INFOPLIST_KEY_UISupportedInterfaceOrientations_iPhone = "UIInterfaceOrientationPortrait UIInterfaceOrientationLandscapeLeft UIInterfaceOrientationLandscapeRight";
				IPHONEOS_DEPLOYMENT_TARGET = 14.0;
				LD_RUNPATH_SEARCH_PATHS = (
					"$(inherited)",
					"@executable_path/Frameworks",
				);
				MARKETING_VERSION = 1.0;
				PRODUCT_BUNDLE_IDENTIFIER = me.nickaroot.VTBMoreHack2021AppClip;
				PRODUCT_NAME = "ВТБ";
				SWIFT_EMIT_LOC_STRINGS = YES;
				SWIFT_VERSION = 5.0;
				TARGETED_DEVICE_FAMILY = "1,2";
			};
			name = Release;
		};
		C3AF723127119DF2007D7280 /* Debug */ = {
			isa = XCBuildConfiguration;
			buildSettings = {
				ASSETCATALOG_COMPILER_APPICON_NAME = AppIcon;
				ASSETCATALOG_COMPILER_GLOBAL_ACCENT_COLOR_NAME = AccentColor;
				CODE_SIGN_ENTITLEMENTS = AppClip/AppClip.entitlements;
				CODE_SIGN_STYLE = Automatic;
				CURRENT_PROJECT_VERSION = 1;
				DEVELOPMENT_ASSET_PATHS = "\"AppClip/Preview Content\"";
				DEVELOPMENT_TEAM = D4LJ38764L;
				ENABLE_PREVIEWS = YES;
				GENERATE_INFOPLIST_FILE = YES;
				INFOPLIST_FILE = AppClip/Info.plist;
				INFOPLIST_KEY_CFBundleDisplayName = "Почувствуй себя инвестором";
				INFOPLIST_KEY_UIApplicationSceneManifest_Generation = YES;
				INFOPLIST_KEY_UIApplicationSupportsIndirectInputEvents = YES;
				INFOPLIST_KEY_UILaunchScreen_Generation = YES;
				INFOPLIST_KEY_UISupportedInterfaceOrientations_iPad = "UIInterfaceOrientationPortrait UIInterfaceOrientationPortraitUpsideDown UIInterfaceOrientationLandscapeLeft UIInterfaceOrientationLandscapeRight";
				INFOPLIST_KEY_UISupportedInterfaceOrientations_iPhone = "UIInterfaceOrientationPortrait UIInterfaceOrientationLandscapeLeft UIInterfaceOrientationLandscapeRight";
				IPHONEOS_DEPLOYMENT_TARGET = 15.0;
				LD_RUNPATH_SEARCH_PATHS = (
					"$(inherited)",
					"@executable_path/Frameworks",
				);
				MARKETING_VERSION = 1.0;
				PRODUCT_BUNDLE_IDENTIFIER = me.nickaroot.VTBMoreHack2021AppClip.Clip;
				PRODUCT_NAME = "$(TARGET_NAME)";
				SWIFT_EMIT_LOC_STRINGS = YES;
				SWIFT_VERSION = 5.0;
				TARGETED_DEVICE_FAMILY = "1,2";
			};
			name = Debug;
		};
		C3AF723227119DF2007D7280 /* Release */ = {
			isa = XCBuildConfiguration;
			buildSettings = {
				ASSETCATALOG_COMPILER_APPICON_NAME = AppIcon;
				ASSETCATALOG_COMPILER_GLOBAL_ACCENT_COLOR_NAME = AccentColor;
				CODE_SIGN_ENTITLEMENTS = AppClip/AppClip.entitlements;
				CODE_SIGN_STYLE = Automatic;
				CURRENT_PROJECT_VERSION = 1;
				DEVELOPMENT_ASSET_PATHS = "\"AppClip/Preview Content\"";
				DEVELOPMENT_TEAM = D4LJ38764L;
				ENABLE_PREVIEWS = YES;
				GENERATE_INFOPLIST_FILE = YES;
				INFOPLIST_FILE = AppClip/Info.plist;
				INFOPLIST_KEY_CFBundleDisplayName = "Почувствуй себя инвестором";
				INFOPLIST_KEY_UIApplicationSceneManifest_Generation = YES;
				INFOPLIST_KEY_UIApplicationSupportsIndirectInputEvents = YES;
				INFOPLIST_KEY_UILaunchScreen_Generation = YES;
				INFOPLIST_KEY_UISupportedInterfaceOrientations_iPad = "UIInterfaceOrientationPortrait UIInterfaceOrientationPortraitUpsideDown UIInterfaceOrientationLandscapeLeft UIInterfaceOrientationLandscapeRight";
				INFOPLIST_KEY_UISupportedInterfaceOrientations_iPhone = "UIInterfaceOrientationPortrait UIInterfaceOrientationLandscapeLeft UIInterfaceOrientationLandscapeRight";
				IPHONEOS_DEPLOYMENT_TARGET = 15.0;
				LD_RUNPATH_SEARCH_PATHS = (
					"$(inherited)",
					"@executable_path/Frameworks",
				);
				MARKETING_VERSION = 1.0;
				PRODUCT_BUNDLE_IDENTIFIER = me.nickaroot.VTBMoreHack2021AppClip.Clip;
				PRODUCT_NAME = "$(TARGET_NAME)";
				SWIFT_EMIT_LOC_STRINGS = YES;
				SWIFT_VERSION = 5.0;
				TARGETED_DEVICE_FAMILY = "1,2";
			};
			name = Release;
		};
/* End XCBuildConfiguration section */

/* Begin XCConfigurationList section */
		C3AF720627119DC3007D7280 /* Build configuration list for PBXProject "VTBMoreHack2021AppClip" */ = {
			isa = XCConfigurationList;
			buildConfigurations = (
				C3AF721727119DC5007D7280 /* Debug */,
				C3AF721827119DC5007D7280 /* Release */,
			);
			defaultConfigurationIsVisible = 0;
			defaultConfigurationName = Release;
		};
		C3AF721927119DC5007D7280 /* Build configuration list for PBXNativeTarget "VTBMoreHack2021AppClip" */ = {
			isa = XCConfigurationList;
			buildConfigurations = (
				C3AF721A27119DC5007D7280 /* Debug */,
				C3AF721B27119DC5007D7280 /* Release */,
			);
			defaultConfigurationIsVisible = 0;
			defaultConfigurationName = Release;
		};
		C3AF723027119DF2007D7280 /* Build configuration list for PBXNativeTarget "AppClip" */ = {
			isa = XCConfigurationList;
			buildConfigurations = (
				C3AF723127119DF2007D7280 /* Debug */,
				C3AF723227119DF2007D7280 /* Release */,
			);
			defaultConfigurationIsVisible = 0;
			defaultConfigurationName = Release;
		};
/* End XCConfigurationList section */
	};
	rootObject = C3AF720327119DC3007D7280 /* Project object */;
}
